
Microsoft Visual Studio Solution File, Format Version 12.00
# Visual Studio Version 17
VisualStudioVersion = 17.0.31903.59
MinimumVisualStudioVersion = 10.0.40219.1
Project("{FAE04EC0-301F-11D3-BF4B-00C04F79EFBC}") = "specflowlib", "specflowlib\specflowlib.csproj", "{AA781393-9D83-4F45-9CB2-F97BD5ECC94B}"
EndProject
Project("{FAE04EC0-301F-11D3-BF4B-00C04F79EFBC}") = "specflowtest", "specflowtest\specflowtest.csproj", "{757E6CF2-E86A-470E-95EC-E1ACAF4ED6A5}"
EndProject
Global
	GlobalSection(SolutionConfigurationPlatforms) = preSolution
		Debug|Any CPU = Debug|Any CPU
		Release|Any CPU = Release|Any CPU
	EndGlobalSection
	GlobalSection(SolutionProperties) = preSolution
		HideSolutionNode = FALSE
	EndGlobalSection
	GlobalSection(ProjectConfigurationPlatforms) = postSolution
		{AA781393-9D83-4F45-9CB2-F97BD5ECC94B}.Debug|Any CPU.ActiveCfg = Debug|Any CPU
		{AA781393-9D83-4F45-9CB2-F97BD5ECC94B}.Debug|Any CPU.Build.0 = Debug|Any CPU
		{AA781393-9D83-4F45-9CB2-F97BD5ECC94B}.Release|Any CPU.ActiveCfg = Release|Any CPU
		{AA781393-9D83-4F45-9CB2-F97BD5ECC94B}.Release|Any CPU.Build.0 = Release|Any CPU
		{757E6CF2-E86A-470E-95EC-E1ACAF4ED6A5}.Debug|Any CPU.ActiveCfg = Debug|Any CPU
		{757E6CF2-E86A-470E-95EC-E1ACAF4ED6A5}.Debug|Any CPU.Build.0 = Debug|Any CPU
		{757E6CF2-E86A-470E-95EC-E1ACAF4ED6A5}.Release|Any CPU.ActiveCfg = Release|Any CPU
		{757E6CF2-E86A-470E-95EC-E1ACAF4ED6A5}.Release|Any CPU.Build.0 = Release|Any CPU
	EndGlobalSection
EndGlobal
